
Microsoft Visual Studio Solution File, Format Version 12.00
# Visual Studio Version 17
VisualStudioVersion = 17.0.31919.166
MinimumVisualStudioVersion = 10.0.40219.1
Project("{2150E333-8FDC-42A3-9474-1A3956D46DE8}") = "Core", "Core", "{497CB7A9-35C4-4140-87B1-DFDBE377FEEA}"
EndProject
Project("{2150E333-8FDC-42A3-9474-1A3956D46DE8}") = "Presentation", "Presentation", "{81746A06-4C17-4820-8A13-84C3746F386B}"
EndProject
Project("{FAE04EC0-301F-11D3-BF4B-00C04F79EFBC}") = "Explorer.Domain", "Explorer.Domain\Explorer.Domain.csproj", "{AE33B94E-6BD1-47DB-B86C-8A02F654350D}"
EndProject
Project("{FAE04EC0-301F-11D3-BF4B-00C04F79EFBC}") = "Explorer.Application", "Explorer.Application\Explorer.Application.csproj", "{3EA73EFC-0905-4EDD-B198-E4043AB48D28}"
EndProject
Project("{FAE04EC0-301F-11D3-BF4B-00C04F79EFBC}") = "Explorer.WebApi", "Explorer.WebApi\Explorer.WebApi.csproj", "{C5B3B00A-05FC-46B6-A20A-FCE7D895A56D}"
EndProject
Project("{2150E333-8FDC-42A3-9474-1A3956D46DE8}") = "Solution Items", "Solution Items", "{7A4C7CEE-F0F6-4DD9-A16D-303BEF195744}"
	ProjectSection(SolutionItems) = preProject
		.editorconfig = .editorconfig
	EndProjectSection
EndProject
Global
	GlobalSection(SolutionConfigurationPlatforms) = preSolution
		Debug|Any CPU = Debug|Any CPU
		Release|Any CPU = Release|Any CPU
	EndGlobalSection
	GlobalSection(ProjectConfigurationPlatforms) = postSolution
		{AE33B94E-6BD1-47DB-B86C-8A02F654350D}.Debug|Any CPU.ActiveCfg = Debug|Any CPU
		{AE33B94E-6BD1-47DB-B86C-8A02F654350D}.Debug|Any CPU.Build.0 = Debug|Any CPU
		{AE33B94E-6BD1-47DB-B86C-8A02F654350D}.Release|Any CPU.ActiveCfg = Release|Any CPU
		{AE33B94E-6BD1-47DB-B86C-8A02F654350D}.Release|Any CPU.Build.0 = Release|Any CPU
		{3EA73EFC-0905-4EDD-B198-E4043AB48D28}.Debug|Any CPU.ActiveCfg = Debug|Any CPU
		{3EA73EFC-0905-4EDD-B198-E4043AB48D28}.Debug|Any CPU.Build.0 = Debug|Any CPU
		{3EA73EFC-0905-4EDD-B198-E4043AB48D28}.Release|Any CPU.ActiveCfg = Release|Any CPU
		{3EA73EFC-0905-4EDD-B198-E4043AB48D28}.Release|Any CPU.Build.0 = Release|Any CPU
		{C5B3B00A-05FC-46B6-A20A-FCE7D895A56D}.Debug|Any CPU.ActiveCfg = Debug|Any CPU
		{C5B3B00A-05FC-46B6-A20A-FCE7D895A56D}.Debug|Any CPU.Build.0 = Debug|Any CPU
		{C5B3B00A-05FC-46B6-A20A-FCE7D895A56D}.Release|Any CPU.ActiveCfg = Release|Any CPU
		{C5B3B00A-05FC-46B6-A20A-FCE7D895A56D}.Release|Any CPU.Build.0 = Release|Any CPU
	EndGlobalSection
	GlobalSection(SolutionProperties) = preSolution
		HideSolutionNode = FALSE
	EndGlobalSection
	GlobalSection(NestedProjects) = preSolution
		{AE33B94E-6BD1-47DB-B86C-8A02F654350D} = {497CB7A9-35C4-4140-87B1-DFDBE377FEEA}
		{3EA73EFC-0905-4EDD-B198-E4043AB48D28} = {497CB7A9-35C4-4140-87B1-DFDBE377FEEA}
		{C5B3B00A-05FC-46B6-A20A-FCE7D895A56D} = {81746A06-4C17-4820-8A13-84C3746F386B}
	EndGlobalSection
	GlobalSection(ExtensibilityGlobals) = postSolution
		SolutionGuid = {5AB59FB0-C4D9-403A-8DCA-D848A6996489}
	EndGlobalSection
EndGlobal
